
Microsoft Visual Studio Solution File, Format Version 12.00
# Visual Studio 2017
Project("{FAE04EC0-301F-11D3-BF4B-00C04F79EFBC}") = "PaintCap", "PaintCap.csproj", "{118A2355-6623-A402-6A3D-69D0653322F8}"
EndProject
Project("{FAE04EC0-301F-11D3-BF4B-00C04F79EFBC}") = "PaintCap.Plugins", "PaintCap.Plugins.csproj", "{A176052D-309D-665F-8AA5-037F2C5D0B6F}"
EndProject
Project("{FAE04EC0-301F-11D3-BF4B-00C04F79EFBC}") = "PaintCap.Editor.Plugins", "PaintCap.Editor.Plugins.csproj", "{11C72C69-7552-3020-808D-24F9127C92B7}"
EndProject
Global
	GlobalSection(SolutionConfigurationPlatforms) = preSolution
		Debug|Any CPU = Debug|Any CPU
		Release|Any CPU = Release|Any CPU
	EndGlobalSection
	GlobalSection(ProjectConfigurationPlatforms) = postSolution
		{118A2355-6623-A402-6A3D-69D0653322F8}.Debug|Any CPU.ActiveCfg = Debug|Any CPU
		{118A2355-6623-A402-6A3D-69D0653322F8}.Debug|Any CPU.Build.0 = Debug|Any CPU
		{118A2355-6623-A402-6A3D-69D0653322F8}.Release|Any CPU.ActiveCfg = Release|Any CPU
		{118A2355-6623-A402-6A3D-69D0653322F8}.Release|Any CPU.Build.0 = Release|Any CPU
		{A176052D-309D-665F-8AA5-037F2C5D0B6F}.Debug|Any CPU.ActiveCfg = Debug|Any CPU
		{A176052D-309D-665F-8AA5-037F2C5D0B6F}.Debug|Any CPU.Build.0 = Debug|Any CPU
		{A176052D-309D-665F-8AA5-037F2C5D0B6F}.Release|Any CPU.ActiveCfg = Release|Any CPU
		{A176052D-309D-665F-8AA5-037F2C5D0B6F}.Release|Any CPU.Build.0 = Release|Any CPU
		{11C72C69-7552-3020-808D-24F9127C92B7}.Debug|Any CPU.ActiveCfg = Debug|Any CPU
		{11C72C69-7552-3020-808D-24F9127C92B7}.Debug|Any CPU.Build.0 = Debug|Any CPU
		{11C72C69-7552-3020-808D-24F9127C92B7}.Release|Any CPU.ActiveCfg = Release|Any CPU
		{11C72C69-7552-3020-808D-24F9127C92B7}.Release|Any CPU.Build.0 = Release|Any CPU
	EndGlobalSection
	GlobalSection(SolutionProperties) = preSolution
		HideSolutionNode = FALSE
	EndGlobalSection
EndGlobal
