
Microsoft Visual Studio Solution File, Format Version 12.00
# Visual Studio 2017
Project("{FAE04EC0-301F-11D3-BF4B-00C04F79EFBC}") = "PaintCap", "PaintCap.csproj", "{118A2355-6623-A402-6A3D-69D0653322F8}"
EndProject
Project("{FAE04EC0-301F-11D3-BF4B-00C04F79EFBC}") = "PaintCap.Editor", "PaintCap.Editor.csproj", "{CBCFE936-3852-8E8E-4FA9-D2E59EA06DAB}"
EndProject
Global
	GlobalSection(SolutionConfigurationPlatforms) = preSolution
		Debug|Any CPU = Debug|Any CPU
		Release|Any CPU = Release|Any CPU
	EndGlobalSection
	GlobalSection(ProjectConfigurationPlatforms) = postSolution
		{118A2355-6623-A402-6A3D-69D0653322F8}.Debug|Any CPU.ActiveCfg = Debug|Any CPU
		{118A2355-6623-A402-6A3D-69D0653322F8}.Debug|Any CPU.Build.0 = Debug|Any CPU
		{118A2355-6623-A402-6A3D-69D0653322F8}.Release|Any CPU.ActiveCfg = Release|Any CPU
		{118A2355-6623-A402-6A3D-69D0653322F8}.Release|Any CPU.Build.0 = Release|Any CPU
		{CBCFE936-3852-8E8E-4FA9-D2E59EA06DAB}.Debug|Any CPU.ActiveCfg = Debug|Any CPU
		{CBCFE936-3852-8E8E-4FA9-D2E59EA06DAB}.Debug|Any CPU.Build.0 = Debug|Any CPU
		{CBCFE936-3852-8E8E-4FA9-D2E59EA06DAB}.Release|Any CPU.ActiveCfg = Release|Any CPU
		{CBCFE936-3852-8E8E-4FA9-D2E59EA06DAB}.Release|Any CPU.Build.0 = Release|Any CPU
	EndGlobalSection
	GlobalSection(SolutionProperties) = preSolution
		HideSolutionNode = FALSE
	EndGlobalSection
EndGlobal
